
Microsoft Visual Studio Solution File, Format Version 12.00
# Visual Studio 14
VisualStudioVersion = 14.0.24720.0
MinimumVisualStudioVersion = 10.0.40219.1
Project("{FAE04EC0-301F-11D3-BF4B-00C04F79EFBC}") = "WeClip-Windows", "WeClip-Windows\WeClip-Windows.csproj", "{98589389-B851-43C0-A402-B5BD48021A2C}"
EndProject
Project("{FAE04EC0-301F-11D3-BF4B-00C04F79EFBC}") = "TestWeClipLib", "TestWeClipLib\TestWeClipLib.csproj", "{C18DFA09-F022-4F70-AAC6-C4A88B75FD2A}"
EndProject
Project("{FAE04EC0-301F-11D3-BF4B-00C04F79EFBC}") = "WeClipLib", "WeClipLib\WeClipLib.csproj", "{8BAE95DF-2B7F-469F-B5C0-BBB9F003CECF}"
EndProject
Global
	GlobalSection(SolutionConfigurationPlatforms) = preSolution
		Debug|Any CPU = Debug|Any CPU
		Release|Any CPU = Release|Any CPU
	EndGlobalSection
	GlobalSection(ProjectConfigurationPlatforms) = postSolution
		{98589389-B851-43C0-A402-B5BD48021A2C}.Debug|Any CPU.ActiveCfg = Debug|Any CPU
		{98589389-B851-43C0-A402-B5BD48021A2C}.Debug|Any CPU.Build.0 = Debug|Any CPU
		{98589389-B851-43C0-A402-B5BD48021A2C}.Release|Any CPU.ActiveCfg = Release|Any CPU
		{98589389-B851-43C0-A402-B5BD48021A2C}.Release|Any CPU.Build.0 = Release|Any CPU
		{C18DFA09-F022-4F70-AAC6-C4A88B75FD2A}.Debug|Any CPU.ActiveCfg = Debug|Any CPU
		{C18DFA09-F022-4F70-AAC6-C4A88B75FD2A}.Debug|Any CPU.Build.0 = Debug|Any CPU
		{C18DFA09-F022-4F70-AAC6-C4A88B75FD2A}.Release|Any CPU.ActiveCfg = Release|Any CPU
		{C18DFA09-F022-4F70-AAC6-C4A88B75FD2A}.Release|Any CPU.Build.0 = Release|Any CPU
		{8BAE95DF-2B7F-469F-B5C0-BBB9F003CECF}.Debug|Any CPU.ActiveCfg = Debug|Any CPU
		{8BAE95DF-2B7F-469F-B5C0-BBB9F003CECF}.Debug|Any CPU.Build.0 = Debug|Any CPU
		{8BAE95DF-2B7F-469F-B5C0-BBB9F003CECF}.Release|Any CPU.ActiveCfg = Release|Any CPU
		{8BAE95DF-2B7F-469F-B5C0-BBB9F003CECF}.Release|Any CPU.Build.0 = Release|Any CPU
	EndGlobalSection
	GlobalSection(SolutionProperties) = preSolution
		HideSolutionNode = FALSE
	EndGlobalSection
EndGlobal
